
Microsoft Visual Studio Solution File, Format Version 12.00
# Visual Studio Version 17
VisualStudioVersion = 17.14.36623.8
MinimumVisualStudioVersion = 10.0.40219.1
Project("{FAE04EC0-301F-11D3-BF4B-00C04F79EFBC}") = "SOMIOD_Middleware", "SOMIOD\SOMIOD_Middleware.csproj", "{75A9A526-126B-4740-A0D0-90D7DB8F1E3C}"
EndProject
Global
	GlobalSection(SolutionConfigurationPlatforms) = preSolution
		Debug|Any CPU = Debug|Any CPU
		Release|Any CPU = Release|Any CPU
	EndGlobalSection
	GlobalSection(ProjectConfigurationPlatforms) = postSolution
		{75A9A526-126B-4740-A0D0-90D7DB8F1E3C}.Debug|Any CPU.ActiveCfg = Debug|Any CPU
		{75A9A526-126B-4740-A0D0-90D7DB8F1E3C}.Debug|Any CPU.Build.0 = Debug|Any CPU
		{75A9A526-126B-4740-A0D0-90D7DB8F1E3C}.Release|Any CPU.ActiveCfg = Release|Any CPU
		{75A9A526-126B-4740-A0D0-90D7DB8F1E3C}.Release|Any CPU.Build.0 = Release|Any CPU
	EndGlobalSection
	GlobalSection(SolutionProperties) = preSolution
		HideSolutionNode = FALSE
	EndGlobalSection
	GlobalSection(ExtensibilityGlobals) = postSolution
		SolutionGuid = {70FE8169-B7D1-4C89-8210-05197CFF9B1E}
	EndGlobalSection
EndGlobal
